{
  "requires": true,
  "lockfileVersion": 1,
  "dependencies": {
    "vue-float-action-button": {
      "version": "0.6.2",
      "resolved": "https://registry.npmjs.org/vue-float-action-button/-/vue-float-action-button-0.6.2.tgz",
      "integrity": "sha512-R9SVbsArzbLGP+yMYX7WKKegWHJs+raHBHGKpAgoueZ8a77AdgbfBMgVoii7gbuiHDTLFZvcsiaMdrbmjCsqwA=="
    }
  }
}
